
Microsoft Visual Studio Solution File, Format Version 12.00
# Visual Studio 15
VisualStudioVersion = 15.0.26730.16
MinimumVisualStudioVersion = 10.0.40219.1
Project("{FAE04EC0-301F-11D3-BF4B-00C04F79EFBC}") = "CodedUITestProject1", "CodedUITestProject1\CodedUITestProject1.csproj", "{A2CB28A4-0720-42F4-B187-3A5F4CFBE739}"
EndProject
Project("{2150E333-8FDC-42A3-9474-1A3956D46DE8}") = "Solution Items", "Solution Items", "{4B0D2ECC-E62C-48B4-8945-4F0C81C7D5F0}"
	ProjectSection(SolutionItems) = preProject
		CodedUITestProject1\bin\Debug\AllureCSharpCommons.dll = CodedUITestProject1\bin\Debug\AllureCSharpCommons.dll
		Jenkinsfile.txt = Jenkinsfile.txt
		CodedUITestProject1\bin\Debug\log4net.dll = CodedUITestProject1\bin\Debug\log4net.dll
		CodedUITestProject1\bin\Debug\MSTestAllureAdapter.dll = CodedUITestProject1\bin\Debug\MSTestAllureAdapter.dll
	EndProjectSection
EndProject
Global
	GlobalSection(SolutionConfigurationPlatforms) = preSolution
		Debug|Any CPU = Debug|Any CPU
		Release|Any CPU = Release|Any CPU
	EndGlobalSection
	GlobalSection(ProjectConfigurationPlatforms) = postSolution
		{A2CB28A4-0720-42F4-B187-3A5F4CFBE739}.Debug|Any CPU.ActiveCfg = Debug|Any CPU
		{A2CB28A4-0720-42F4-B187-3A5F4CFBE739}.Debug|Any CPU.Build.0 = Debug|Any CPU
		{A2CB28A4-0720-42F4-B187-3A5F4CFBE739}.Release|Any CPU.ActiveCfg = Release|Any CPU
		{A2CB28A4-0720-42F4-B187-3A5F4CFBE739}.Release|Any CPU.Build.0 = Release|Any CPU
	EndGlobalSection
	GlobalSection(SolutionProperties) = preSolution
		HideSolutionNode = FALSE
	EndGlobalSection
	GlobalSection(ExtensibilityGlobals) = postSolution
		SolutionGuid = {73A99F5A-C845-4853-80A8-D9B5CCA557D0}
	EndGlobalSection
EndGlobal
